
Microsoft Visual Studio Solution File, Format Version 12.00
# Visual Studio Version 17
VisualStudioVersion = 17.5.33424.131
MinimumVisualStudioVersion = 10.0.40219.1
Project("{9A19103F-16F7-4668-BE54-9A1E7A4F7556}") = "SimpleTraveling.TravelService", "src\SimpleTraveling.TravelService\SimpleTraveling.TravelService.csproj", "{7DA2B08B-EFC1-47B0-9E55-A65A09C89C4B}"
EndProject
Project("{2150E333-8FDC-42A3-9474-1A3956D46DE8}") = "Services", "Services", "{AE86DE22-848E-401F-8004-790568178B8E}"
EndProject
Project("{2150E333-8FDC-42A3-9474-1A3956D46DE8}") = "Libraries", "Libraries", "{CABEC913-2404-469F-AB83-8F9E94F34D82}"
EndProject
Project("{9A19103F-16F7-4668-BE54-9A1E7A4F7556}") = "SimpleTraveling.DriverService", "src\SimpleTraveling.DriverService\SimpleTraveling.DriverService.csproj", "{403A4334-954F-4FE8-872E-D9E7367EFCCD}"
EndProject
Project("{2150E333-8FDC-42A3-9474-1A3956D46DE8}") = "Test", "Test", "{C7C25BD6-3A96-4572-B705-B2E0DEAF8DC9}"
EndProject
Project("{9A19103F-16F7-4668-BE54-9A1E7A4F7556}") = "SimpleTraveling.Test", "test\SimpleTraveling.Test\SimpleTraveling.Test.csproj", "{52ACF165-03BC-4122-95DE-07A312B6D2B6}"
EndProject
Project("{E53339B2-1760-4266-BCC7-CA923CBCF16C}") = "docker-compose", "docker-compose.dcproj", "{E477E672-E602-408C-8474-D729AE2B28F3}"
EndProject
Project("{9A19103F-16F7-4668-BE54-9A1E7A4F7556}") = "SimpleTraveling.Abstractions", "src\SimpleTraveling.Abstractions\SimpleTraveling.Abstractions.csproj", "{035B0898-F7A2-4384-9B8C-2927E2064453}"
EndProject
Project("{9A19103F-16F7-4668-BE54-9A1E7A4F7556}") = "SimpleTraveling.CostService", "src\SimpleTraveling.CastService\SimpleTraveling.CostService.csproj", "{BD7832DE-E1F0-4B29-8F40-F53E68963FF9}"
EndProject
Project("{FAE04EC0-301F-11D3-BF4B-00C04F79EFBC}") = "SimpleTraveling.CostService.Remote", "src\SimpleTraveling.CostService.Remote\SimpleTraveling.CostService.Remote.csproj", "{39074187-9BE2-43EA-8BE8-EA5411E9048B}"
EndProject
Project("{FAE04EC0-301F-11D3-BF4B-00C04F79EFBC}") = "SimpleTraveling.Remote", "src\SimpleTraveling.Remote\SimpleTraveling.Remote.csproj", "{F1426BEA-11C4-4F51-A9C0-51AE569BD348}"
EndProject
Project("{FAE04EC0-301F-11D3-BF4B-00C04F79EFBC}") = "SimpleTraveling.DriverService.Remote", "src\SimpleTraveling.DriverService.Remote\SimpleTraveling.DriverService.Remote.csproj", "{C8C00AB0-821A-49B4-BFD2-E00EEFDA2165}"
EndProject
Project("{FAE04EC0-301F-11D3-BF4B-00C04F79EFBC}") = "SimpleTraveling.TravelService.Remote", "src\SimpleTraveling.TravelService.Remote\SimpleTraveling.TravelService.Remote.csproj", "{8160F34F-6A73-4F31-956A-09FBB647D488}"
EndProject
Global
	GlobalSection(SolutionConfigurationPlatforms) = preSolution
		Debug|Any CPU = Debug|Any CPU
		Release|Any CPU = Release|Any CPU
	EndGlobalSection
	GlobalSection(ProjectConfigurationPlatforms) = postSolution
		{7DA2B08B-EFC1-47B0-9E55-A65A09C89C4B}.Debug|Any CPU.ActiveCfg = Debug|Any CPU
		{7DA2B08B-EFC1-47B0-9E55-A65A09C89C4B}.Debug|Any CPU.Build.0 = Debug|Any CPU
		{7DA2B08B-EFC1-47B0-9E55-A65A09C89C4B}.Release|Any CPU.ActiveCfg = Release|Any CPU
		{7DA2B08B-EFC1-47B0-9E55-A65A09C89C4B}.Release|Any CPU.Build.0 = Release|Any CPU
		{403A4334-954F-4FE8-872E-D9E7367EFCCD}.Debug|Any CPU.ActiveCfg = Debug|Any CPU
		{403A4334-954F-4FE8-872E-D9E7367EFCCD}.Debug|Any CPU.Build.0 = Debug|Any CPU
		{403A4334-954F-4FE8-872E-D9E7367EFCCD}.Release|Any CPU.ActiveCfg = Release|Any CPU
		{403A4334-954F-4FE8-872E-D9E7367EFCCD}.Release|Any CPU.Build.0 = Release|Any CPU
		{52ACF165-03BC-4122-95DE-07A312B6D2B6}.Debug|Any CPU.ActiveCfg = Debug|Any CPU
		{52ACF165-03BC-4122-95DE-07A312B6D2B6}.Debug|Any CPU.Build.0 = Debug|Any CPU
		{52ACF165-03BC-4122-95DE-07A312B6D2B6}.Release|Any CPU.ActiveCfg = Release|Any CPU
		{52ACF165-03BC-4122-95DE-07A312B6D2B6}.Release|Any CPU.Build.0 = Release|Any CPU
		{E477E672-E602-408C-8474-D729AE2B28F3}.Debug|Any CPU.ActiveCfg = Debug|Any CPU
		{E477E672-E602-408C-8474-D729AE2B28F3}.Debug|Any CPU.Build.0 = Debug|Any CPU
		{E477E672-E602-408C-8474-D729AE2B28F3}.Release|Any CPU.ActiveCfg = Release|Any CPU
		{E477E672-E602-408C-8474-D729AE2B28F3}.Release|Any CPU.Build.0 = Release|Any CPU
		{035B0898-F7A2-4384-9B8C-2927E2064453}.Debug|Any CPU.ActiveCfg = Debug|Any CPU
		{035B0898-F7A2-4384-9B8C-2927E2064453}.Debug|Any CPU.Build.0 = Debug|Any CPU
		{035B0898-F7A2-4384-9B8C-2927E2064453}.Release|Any CPU.ActiveCfg = Release|Any CPU
		{035B0898-F7A2-4384-9B8C-2927E2064453}.Release|Any CPU.Build.0 = Release|Any CPU
		{BD7832DE-E1F0-4B29-8F40-F53E68963FF9}.Debug|Any CPU.ActiveCfg = Debug|Any CPU
		{BD7832DE-E1F0-4B29-8F40-F53E68963FF9}.Debug|Any CPU.Build.0 = Debug|Any CPU
		{BD7832DE-E1F0-4B29-8F40-F53E68963FF9}.Release|Any CPU.ActiveCfg = Release|Any CPU
		{BD7832DE-E1F0-4B29-8F40-F53E68963FF9}.Release|Any CPU.Build.0 = Release|Any CPU
		{39074187-9BE2-43EA-8BE8-EA5411E9048B}.Debug|Any CPU.ActiveCfg = Debug|Any CPU
		{39074187-9BE2-43EA-8BE8-EA5411E9048B}.Debug|Any CPU.Build.0 = Debug|Any CPU
		{39074187-9BE2-43EA-8BE8-EA5411E9048B}.Release|Any CPU.ActiveCfg = Release|Any CPU
		{39074187-9BE2-43EA-8BE8-EA5411E9048B}.Release|Any CPU.Build.0 = Release|Any CPU
		{F1426BEA-11C4-4F51-A9C0-51AE569BD348}.Debug|Any CPU.ActiveCfg = Debug|Any CPU
		{F1426BEA-11C4-4F51-A9C0-51AE569BD348}.Debug|Any CPU.Build.0 = Debug|Any CPU
		{F1426BEA-11C4-4F51-A9C0-51AE569BD348}.Release|Any CPU.ActiveCfg = Release|Any CPU
		{F1426BEA-11C4-4F51-A9C0-51AE569BD348}.Release|Any CPU.Build.0 = Release|Any CPU
		{C8C00AB0-821A-49B4-BFD2-E00EEFDA2165}.Debug|Any CPU.ActiveCfg = Debug|Any CPU
		{C8C00AB0-821A-49B4-BFD2-E00EEFDA2165}.Debug|Any CPU.Build.0 = Debug|Any CPU
		{C8C00AB0-821A-49B4-BFD2-E00EEFDA2165}.Release|Any CPU.ActiveCfg = Release|Any CPU
		{C8C00AB0-821A-49B4-BFD2-E00EEFDA2165}.Release|Any CPU.Build.0 = Release|Any CPU
		{8160F34F-6A73-4F31-956A-09FBB647D488}.Debug|Any CPU.ActiveCfg = Debug|Any CPU
		{8160F34F-6A73-4F31-956A-09FBB647D488}.Debug|Any CPU.Build.0 = Debug|Any CPU
		{8160F34F-6A73-4F31-956A-09FBB647D488}.Release|Any CPU.ActiveCfg = Release|Any CPU
		{8160F34F-6A73-4F31-956A-09FBB647D488}.Release|Any CPU.Build.0 = Release|Any CPU
	EndGlobalSection
	GlobalSection(SolutionProperties) = preSolution
		HideSolutionNode = FALSE
	EndGlobalSection
	GlobalSection(NestedProjects) = preSolution
		{7DA2B08B-EFC1-47B0-9E55-A65A09C89C4B} = {AE86DE22-848E-401F-8004-790568178B8E}
		{403A4334-954F-4FE8-872E-D9E7367EFCCD} = {AE86DE22-848E-401F-8004-790568178B8E}
		{52ACF165-03BC-4122-95DE-07A312B6D2B6} = {C7C25BD6-3A96-4572-B705-B2E0DEAF8DC9}
		{035B0898-F7A2-4384-9B8C-2927E2064453} = {CABEC913-2404-469F-AB83-8F9E94F34D82}
		{BD7832DE-E1F0-4B29-8F40-F53E68963FF9} = {AE86DE22-848E-401F-8004-790568178B8E}
		{39074187-9BE2-43EA-8BE8-EA5411E9048B} = {AE86DE22-848E-401F-8004-790568178B8E}
		{F1426BEA-11C4-4F51-A9C0-51AE569BD348} = {CABEC913-2404-469F-AB83-8F9E94F34D82}
		{C8C00AB0-821A-49B4-BFD2-E00EEFDA2165} = {AE86DE22-848E-401F-8004-790568178B8E}
		{8160F34F-6A73-4F31-956A-09FBB647D488} = {AE86DE22-848E-401F-8004-790568178B8E}
	EndGlobalSection
	GlobalSection(ExtensibilityGlobals) = postSolution
		SolutionGuid = {138155BC-B2D3-4D55-892D-BB0BD398DFBB}
	EndGlobalSection
EndGlobal
